
Microsoft Visual Studio Solution File, Format Version 12.00
# Visual Studio Version 17
VisualStudioVersion = 17.14.36811.4
MinimumVisualStudioVersion = 10.0.40219.1
Project("{FAE04EC0-301F-11D3-BF4B-00C04F79EFBC}") = "Labo4_PrograQ2", "Labo4_PrograQ2.csproj", "{C8285447-71EA-4E37-9BCF-E25CE7684601}"
EndProject
Project("{FAE04EC0-301F-11D3-BF4B-00C04F79EFBC}") = "GestionProcessus", "..\GestionProcessus\GestionProcessus.csproj", "{601C7AD2-4D4A-403F-9C07-D6FB5FC128A8}"
EndProject
Project("{FAE04EC0-301F-11D3-BF4B-00C04F79EFBC}") = "PgmSecondaire", "..\PgmSecondaire\PgmSecondaire.csproj", "{C2CA1444-C797-4EE5-88B5-4116176483B1}"
EndProject
Global
	GlobalSection(SolutionConfigurationPlatforms) = preSolution
		Debug|Any CPU = Debug|Any CPU
		Debug|x64 = Debug|x64
		Release|Any CPU = Release|Any CPU
		Release|x64 = Release|x64
	EndGlobalSection
	GlobalSection(ProjectConfigurationPlatforms) = postSolution
		{C8285447-71EA-4E37-9BCF-E25CE7684601}.Debug|Any CPU.ActiveCfg = Debug|Any CPU
		{C8285447-71EA-4E37-9BCF-E25CE7684601}.Debug|Any CPU.Build.0 = Debug|Any CPU
		{C8285447-71EA-4E37-9BCF-E25CE7684601}.Debug|x64.ActiveCfg = Debug|x64
		{C8285447-71EA-4E37-9BCF-E25CE7684601}.Debug|x64.Build.0 = Debug|x64
		{C8285447-71EA-4E37-9BCF-E25CE7684601}.Release|Any CPU.ActiveCfg = Release|Any CPU
		{C8285447-71EA-4E37-9BCF-E25CE7684601}.Release|Any CPU.Build.0 = Release|Any CPU
		{C8285447-71EA-4E37-9BCF-E25CE7684601}.Release|x64.ActiveCfg = Release|x64
		{C8285447-71EA-4E37-9BCF-E25CE7684601}.Release|x64.Build.0 = Release|x64
		{601C7AD2-4D4A-403F-9C07-D6FB5FC128A8}.Debug|Any CPU.ActiveCfg = Debug|Any CPU
		{601C7AD2-4D4A-403F-9C07-D6FB5FC128A8}.Debug|Any CPU.Build.0 = Debug|Any CPU
		{601C7AD2-4D4A-403F-9C07-D6FB5FC128A8}.Debug|x64.ActiveCfg = Debug|Any CPU
		{601C7AD2-4D4A-403F-9C07-D6FB5FC128A8}.Debug|x64.Build.0 = Debug|Any CPU
		{601C7AD2-4D4A-403F-9C07-D6FB5FC128A8}.Release|Any CPU.ActiveCfg = Release|Any CPU
		{601C7AD2-4D4A-403F-9C07-D6FB5FC128A8}.Release|Any CPU.Build.0 = Release|Any CPU
		{601C7AD2-4D4A-403F-9C07-D6FB5FC128A8}.Release|x64.ActiveCfg = Release|Any CPU
		{601C7AD2-4D4A-403F-9C07-D6FB5FC128A8}.Release|x64.Build.0 = Release|Any CPU
		{C2CA1444-C797-4EE5-88B5-4116176483B1}.Debug|Any CPU.ActiveCfg = Debug|Any CPU
		{C2CA1444-C797-4EE5-88B5-4116176483B1}.Debug|Any CPU.Build.0 = Debug|Any CPU
		{C2CA1444-C797-4EE5-88B5-4116176483B1}.Debug|x64.ActiveCfg = Debug|Any CPU
		{C2CA1444-C797-4EE5-88B5-4116176483B1}.Debug|x64.Build.0 = Debug|Any CPU
		{C2CA1444-C797-4EE5-88B5-4116176483B1}.Release|Any CPU.ActiveCfg = Release|Any CPU
		{C2CA1444-C797-4EE5-88B5-4116176483B1}.Release|Any CPU.Build.0 = Release|Any CPU
		{C2CA1444-C797-4EE5-88B5-4116176483B1}.Release|x64.ActiveCfg = Release|Any CPU
		{C2CA1444-C797-4EE5-88B5-4116176483B1}.Release|x64.Build.0 = Release|Any CPU
	EndGlobalSection
	GlobalSection(SolutionProperties) = preSolution
		HideSolutionNode = FALSE
	EndGlobalSection
	GlobalSection(ExtensibilityGlobals) = postSolution
		SolutionGuid = {1927F4E4-FF5E-4C5A-BD39-2F49440AF884}
	EndGlobalSection
EndGlobal
